
Microsoft Visual Studio Solution File, Format Version 12.00
# Visual Studio 15
VisualStudioVersion = 15.0.27428.2043
MinimumVisualStudioVersion = 10.0.40219.1
Project("{8BC9CEB8-8B4A-11D0-8D11-00A0C91BC942}") = "FightTheLandlord", "FightTheLandlord\FightTheLandlord.vcxproj", "{64AE8664-6C9F-4B0E-BA9F-EBAA49D311AC}"
EndProject
Global
	GlobalSection(SolutionConfigurationPlatforms) = preSolution
		Debug|x64 = Debug|x64
		Debug|x86 = Debug|x86
		Release|x64 = Release|x64
		Release|x86 = Release|x86
	EndGlobalSection
	GlobalSection(ProjectConfigurationPlatforms) = postSolution
		{64AE8664-6C9F-4B0E-BA9F-EBAA49D311AC}.Debug|x64.ActiveCfg = Debug|x64
		{64AE8664-6C9F-4B0E-BA9F-EBAA49D311AC}.Debug|x64.Build.0 = Debug|x64
		{64AE8664-6C9F-4B0E-BA9F-EBAA49D311AC}.Debug|x86.ActiveCfg = Debug|Win32
		{64AE8664-6C9F-4B0E-BA9F-EBAA49D311AC}.Debug|x86.Build.0 = Debug|Win32
		{64AE8664-6C9F-4B0E-BA9F-EBAA49D311AC}.Release|x64.ActiveCfg = Release|x64
		{64AE8664-6C9F-4B0E-BA9F-EBAA49D311AC}.Release|x64.Build.0 = Release|x64
		{64AE8664-6C9F-4B0E-BA9F-EBAA49D311AC}.Release|x86.ActiveCfg = Release|Win32
		{64AE8664-6C9F-4B0E-BA9F-EBAA49D311AC}.Release|x86.Build.0 = Release|Win32
	EndGlobalSection
	GlobalSection(SolutionProperties) = preSolution
		HideSolutionNode = FALSE
	EndGlobalSection
	GlobalSection(ExtensibilityGlobals) = postSolution
		SolutionGuid = {A19D140B-B0DA-46B0-A783-8DFCB5C62EC2}
	EndGlobalSection
EndGlobal
